
Microsoft Visual Studio Solution File, Format Version 12.00
# Visual Studio Version 17
VisualStudioVersion = 17.4.33205.214
MinimumVisualStudioVersion = 10.0.40219.1
Project("{FAE04EC0-301F-11D3-BF4B-00C04F79EFBC}") = "Server", "Server\Server.csproj", "{74DFF5B6-95FE-4917-822A-BD0CD90FEFA8}"
EndProject
Project("{FAE04EC0-301F-11D3-BF4B-00C04F79EFBC}") = "Client", "Client\Client.csproj", "{35F12B07-D10A-4833-9452-D8CD6FE35EE6}"
EndProject
Global
	GlobalSection(SolutionConfigurationPlatforms) = preSolution
		Debug|Any CPU = Debug|Any CPU
		Release|Any CPU = Release|Any CPU
	EndGlobalSection
	GlobalSection(ProjectConfigurationPlatforms) = postSolution
		{74DFF5B6-95FE-4917-822A-BD0CD90FEFA8}.Debug|Any CPU.ActiveCfg = Debug|Any CPU
		{74DFF5B6-95FE-4917-822A-BD0CD90FEFA8}.Debug|Any CPU.Build.0 = Debug|Any CPU
		{74DFF5B6-95FE-4917-822A-BD0CD90FEFA8}.Release|Any CPU.ActiveCfg = Release|Any CPU
		{74DFF5B6-95FE-4917-822A-BD0CD90FEFA8}.Release|Any CPU.Build.0 = Release|Any CPU
		{35F12B07-D10A-4833-9452-D8CD6FE35EE6}.Debug|Any CPU.ActiveCfg = Debug|Any CPU
		{35F12B07-D10A-4833-9452-D8CD6FE35EE6}.Debug|Any CPU.Build.0 = Debug|Any CPU
		{35F12B07-D10A-4833-9452-D8CD6FE35EE6}.Release|Any CPU.ActiveCfg = Release|Any CPU
		{35F12B07-D10A-4833-9452-D8CD6FE35EE6}.Release|Any CPU.Build.0 = Release|Any CPU
	EndGlobalSection
	GlobalSection(SolutionProperties) = preSolution
		HideSolutionNode = FALSE
	EndGlobalSection
	GlobalSection(ExtensibilityGlobals) = postSolution
		SolutionGuid = {86CC044B-3507-4778-9AA3-E37CDD54EB77}
	EndGlobalSection
EndGlobal
